
Microsoft Visual Studio Solution File, Format Version 12.00
# Visual Studio 15
VisualStudioVersion = 15.0.26124.0
MinimumVisualStudioVersion = 15.0.26124.0
Project("{FAE04EC0-301F-11D3-BF4B-00C04F79EFBC}") = "Q3", "Q3\Q3.csproj", "{F8BAEB53-9BD5-4E29-A931-1EDF95E46D6A}"
EndProject
Project("{FAE04EC0-301F-11D3-BF4B-00C04F79EFBC}") = "Q3.Test", "Q3.Test\Q3.Test.csproj", "{BE07C38E-C471-4BEF-9063-C5A750EB598F}"
EndProject
Global
	GlobalSection(SolutionConfigurationPlatforms) = preSolution
		Debug|Any CPU = Debug|Any CPU
		Debug|x64 = Debug|x64
		Debug|x86 = Debug|x86
		Release|Any CPU = Release|Any CPU
		Release|x64 = Release|x64
		Release|x86 = Release|x86
	EndGlobalSection
	GlobalSection(SolutionProperties) = preSolution
		HideSolutionNode = FALSE
	EndGlobalSection
	GlobalSection(ProjectConfigurationPlatforms) = postSolution
		{F8BAEB53-9BD5-4E29-A931-1EDF95E46D6A}.Debug|Any CPU.ActiveCfg = Debug|Any CPU
		{F8BAEB53-9BD5-4E29-A931-1EDF95E46D6A}.Debug|Any CPU.Build.0 = Debug|Any CPU
		{F8BAEB53-9BD5-4E29-A931-1EDF95E46D6A}.Debug|x64.ActiveCfg = Debug|Any CPU
		{F8BAEB53-9BD5-4E29-A931-1EDF95E46D6A}.Debug|x64.Build.0 = Debug|Any CPU
		{F8BAEB53-9BD5-4E29-A931-1EDF95E46D6A}.Debug|x86.ActiveCfg = Debug|Any CPU
		{F8BAEB53-9BD5-4E29-A931-1EDF95E46D6A}.Debug|x86.Build.0 = Debug|Any CPU
		{F8BAEB53-9BD5-4E29-A931-1EDF95E46D6A}.Release|Any CPU.ActiveCfg = Release|Any CPU
		{F8BAEB53-9BD5-4E29-A931-1EDF95E46D6A}.Release|Any CPU.Build.0 = Release|Any CPU
		{F8BAEB53-9BD5-4E29-A931-1EDF95E46D6A}.Release|x64.ActiveCfg = Release|Any CPU
		{F8BAEB53-9BD5-4E29-A931-1EDF95E46D6A}.Release|x64.Build.0 = Release|Any CPU
		{F8BAEB53-9BD5-4E29-A931-1EDF95E46D6A}.Release|x86.ActiveCfg = Release|Any CPU
		{F8BAEB53-9BD5-4E29-A931-1EDF95E46D6A}.Release|x86.Build.0 = Release|Any CPU
		{BE07C38E-C471-4BEF-9063-C5A750EB598F}.Debug|Any CPU.ActiveCfg = Debug|Any CPU
		{BE07C38E-C471-4BEF-9063-C5A750EB598F}.Debug|Any CPU.Build.0 = Debug|Any CPU
		{BE07C38E-C471-4BEF-9063-C5A750EB598F}.Debug|x64.ActiveCfg = Debug|Any CPU
		{BE07C38E-C471-4BEF-9063-C5A750EB598F}.Debug|x64.Build.0 = Debug|Any CPU
		{BE07C38E-C471-4BEF-9063-C5A750EB598F}.Debug|x86.ActiveCfg = Debug|Any CPU
		{BE07C38E-C471-4BEF-9063-C5A750EB598F}.Debug|x86.Build.0 = Debug|Any CPU
		{BE07C38E-C471-4BEF-9063-C5A750EB598F}.Release|Any CPU.ActiveCfg = Release|Any CPU
		{BE07C38E-C471-4BEF-9063-C5A750EB598F}.Release|Any CPU.Build.0 = Release|Any CPU
		{BE07C38E-C471-4BEF-9063-C5A750EB598F}.Release|x64.ActiveCfg = Release|Any CPU
		{BE07C38E-C471-4BEF-9063-C5A750EB598F}.Release|x64.Build.0 = Release|Any CPU
		{BE07C38E-C471-4BEF-9063-C5A750EB598F}.Release|x86.ActiveCfg = Release|Any CPU
		{BE07C38E-C471-4BEF-9063-C5A750EB598F}.Release|x86.Build.0 = Release|Any CPU
	EndGlobalSection
EndGlobal
